
Microsoft Visual Studio Solution File, Format Version 12.00
# Visual Studio 15
VisualStudioVersion = 15.0.27703.2035
MinimumVisualStudioVersion = 10.0.40219.1
Project("{FAE04EC0-301F-11D3-BF4B-00C04F79EFBC}") = "Hello_Class_stud", "Hello_Class_stud\Hello_Class_stud\Hello_Class_stud.csproj", "{D84BD4CD-5931-4DCC-898F-973C70FF00B6}"
EndProject
Project("{2150E333-8FDC-42A3-9474-1A3956D46DE8}") = "Module 2.4", "Module 2.4", "{1CE0150E-AB78-47F5-826B-73C559AAA064}"
EndProject
Project("{2150E333-8FDC-42A3-9474-1A3956D46DE8}") = "Module2.3", "Module2.3", "{E18C22A1-792A-4F3D-B653-517CBA2CD4DF}"
EndProject
Project("{FAE04EC0-301F-11D3-BF4B-00C04F79EFBC}") = "OpOverload", "Module2.3\OpOverload\OpOverload.csproj", "{4186D3ED-C5F9-4455-9E18-2FFAEB0D3283}"
EndProject
Project("{2150E333-8FDC-42A3-9474-1A3956D46DE8}") = "WorkWithDelegates", "WorkWithDelegates", "{4FE6D999-D3E5-4ED5-A5F9-1C0D9646185E}"
EndProject
Project("{FAE04EC0-301F-11D3-BF4B-00C04F79EFBC}") = "WorkWithDelegates", "WorkWithDelegates\WorkWithDelegates\WorkWithDelegates\WorkWithDelegates.csproj", "{930F95CC-646E-4FC0-AA93-475C18C74337}"
EndProject
Project("{2150E333-8FDC-42A3-9474-1A3956D46DE8}") = "WorkWithLinq", "WorkWithLinq", "{267BF8DB-A97E-40CC-AF68-18D21DD26459}"
EndProject
Project("{FAE04EC0-301F-11D3-BF4B-00C04F79EFBC}") = "WorkWithLinq", "WorkWithLinq\WorkWithLinq.csproj", "{C3A44397-AB9D-4CA9-8140-C71751DDCD82}"
EndProject
Project("{2150E333-8FDC-42A3-9474-1A3956D46DE8}") = "Module5.1", "Module5.1", "{DA706E0B-4165-4032-9618-9E8CEE13BAEA}"
EndProject
Project("{FAE04EC0-301F-11D3-BF4B-00C04F79EFBC}") = "Module5.1", "Module5.1\Module5.1.csproj", "{6A8953CE-3746-40DD-9DD2-819F43B7772C}"
EndProject
Project("{2150E333-8FDC-42A3-9474-1A3956D46DE8}") = "MyMethodsRealisation", "MyMethodsRealisation", "{1EC8ACD8-F485-4FA1-8524-FD819B5DB4DA}"
EndProject
Project("{FAE04EC0-301F-11D3-BF4B-00C04F79EFBC}") = "MyMethods", "MyMethods\MyMethods.csproj", "{C91270B4-B0E2-4EA5-A1DB-800D85EE9C1A}"
EndProject
Project("{FAE04EC0-301F-11D3-BF4B-00C04F79EFBC}") = "LinqSelect", "LinqSelect\LinqSelect.csproj", "{0975C75A-2DC5-417E-B9BA-C2E7287FA72C}"
EndProject
Project("{FAE04EC0-301F-11D3-BF4B-00C04F79EFBC}") = "LinqHomeTask1", "LinqHomeTask1\LinqHomeTask1.csproj", "{979BA038-6D03-4D73-B60A-4FA7D617B591}"
EndProject
Global
	GlobalSection(SolutionConfigurationPlatforms) = preSolution
		Debug|Any CPU = Debug|Any CPU
		Release|Any CPU = Release|Any CPU
	EndGlobalSection
	GlobalSection(ProjectConfigurationPlatforms) = postSolution
		{D84BD4CD-5931-4DCC-898F-973C70FF00B6}.Debug|Any CPU.ActiveCfg = Debug|Any CPU
		{D84BD4CD-5931-4DCC-898F-973C70FF00B6}.Debug|Any CPU.Build.0 = Debug|Any CPU
		{D84BD4CD-5931-4DCC-898F-973C70FF00B6}.Release|Any CPU.ActiveCfg = Release|Any CPU
		{D84BD4CD-5931-4DCC-898F-973C70FF00B6}.Release|Any CPU.Build.0 = Release|Any CPU
		{4186D3ED-C5F9-4455-9E18-2FFAEB0D3283}.Debug|Any CPU.ActiveCfg = Debug|Any CPU
		{4186D3ED-C5F9-4455-9E18-2FFAEB0D3283}.Debug|Any CPU.Build.0 = Debug|Any CPU
		{4186D3ED-C5F9-4455-9E18-2FFAEB0D3283}.Release|Any CPU.ActiveCfg = Release|Any CPU
		{4186D3ED-C5F9-4455-9E18-2FFAEB0D3283}.Release|Any CPU.Build.0 = Release|Any CPU
		{930F95CC-646E-4FC0-AA93-475C18C74337}.Debug|Any CPU.ActiveCfg = Debug|Any CPU
		{930F95CC-646E-4FC0-AA93-475C18C74337}.Debug|Any CPU.Build.0 = Debug|Any CPU
		{930F95CC-646E-4FC0-AA93-475C18C74337}.Release|Any CPU.ActiveCfg = Release|Any CPU
		{930F95CC-646E-4FC0-AA93-475C18C74337}.Release|Any CPU.Build.0 = Release|Any CPU
		{C3A44397-AB9D-4CA9-8140-C71751DDCD82}.Debug|Any CPU.ActiveCfg = Debug|Any CPU
		{C3A44397-AB9D-4CA9-8140-C71751DDCD82}.Debug|Any CPU.Build.0 = Debug|Any CPU
		{C3A44397-AB9D-4CA9-8140-C71751DDCD82}.Release|Any CPU.ActiveCfg = Release|Any CPU
		{C3A44397-AB9D-4CA9-8140-C71751DDCD82}.Release|Any CPU.Build.0 = Release|Any CPU
		{6A8953CE-3746-40DD-9DD2-819F43B7772C}.Debug|Any CPU.ActiveCfg = Debug|Any CPU
		{6A8953CE-3746-40DD-9DD2-819F43B7772C}.Debug|Any CPU.Build.0 = Debug|Any CPU
		{6A8953CE-3746-40DD-9DD2-819F43B7772C}.Release|Any CPU.ActiveCfg = Release|Any CPU
		{6A8953CE-3746-40DD-9DD2-819F43B7772C}.Release|Any CPU.Build.0 = Release|Any CPU
		{C91270B4-B0E2-4EA5-A1DB-800D85EE9C1A}.Debug|Any CPU.ActiveCfg = Debug|Any CPU
		{C91270B4-B0E2-4EA5-A1DB-800D85EE9C1A}.Debug|Any CPU.Build.0 = Debug|Any CPU
		{C91270B4-B0E2-4EA5-A1DB-800D85EE9C1A}.Release|Any CPU.ActiveCfg = Release|Any CPU
		{C91270B4-B0E2-4EA5-A1DB-800D85EE9C1A}.Release|Any CPU.Build.0 = Release|Any CPU
		{0975C75A-2DC5-417E-B9BA-C2E7287FA72C}.Debug|Any CPU.ActiveCfg = Debug|Any CPU
		{0975C75A-2DC5-417E-B9BA-C2E7287FA72C}.Debug|Any CPU.Build.0 = Debug|Any CPU
		{0975C75A-2DC5-417E-B9BA-C2E7287FA72C}.Release|Any CPU.ActiveCfg = Release|Any CPU
		{0975C75A-2DC5-417E-B9BA-C2E7287FA72C}.Release|Any CPU.Build.0 = Release|Any CPU
		{979BA038-6D03-4D73-B60A-4FA7D617B591}.Debug|Any CPU.ActiveCfg = Debug|Any CPU
		{979BA038-6D03-4D73-B60A-4FA7D617B591}.Debug|Any CPU.Build.0 = Debug|Any CPU
		{979BA038-6D03-4D73-B60A-4FA7D617B591}.Release|Any CPU.ActiveCfg = Release|Any CPU
		{979BA038-6D03-4D73-B60A-4FA7D617B591}.Release|Any CPU.Build.0 = Release|Any CPU
	EndGlobalSection
	GlobalSection(SolutionProperties) = preSolution
		HideSolutionNode = FALSE
	EndGlobalSection
	GlobalSection(NestedProjects) = preSolution
		{D84BD4CD-5931-4DCC-898F-973C70FF00B6} = {1CE0150E-AB78-47F5-826B-73C559AAA064}
		{4186D3ED-C5F9-4455-9E18-2FFAEB0D3283} = {E18C22A1-792A-4F3D-B653-517CBA2CD4DF}
		{930F95CC-646E-4FC0-AA93-475C18C74337} = {4FE6D999-D3E5-4ED5-A5F9-1C0D9646185E}
		{C3A44397-AB9D-4CA9-8140-C71751DDCD82} = {267BF8DB-A97E-40CC-AF68-18D21DD26459}
		{6A8953CE-3746-40DD-9DD2-819F43B7772C} = {DA706E0B-4165-4032-9618-9E8CEE13BAEA}
		{C91270B4-B0E2-4EA5-A1DB-800D85EE9C1A} = {1EC8ACD8-F485-4FA1-8524-FD819B5DB4DA}
	EndGlobalSection
	GlobalSection(ExtensibilityGlobals) = postSolution
		SolutionGuid = {6942731B-F968-4CEE-8304-F834D9C403B8}
	EndGlobalSection
EndGlobal
